// !$*UTF8*$!
{
	archiveVersion = 1;
	classes = {
	};
	objectVersion = 50;
	objects = {

/* Begin PBXBuildFile section */
		8D19AE87214A869B0074DEB4 /* Juz.swift in Sources */ = {isa = PBXBuildFile; fileRef = 8D19AE86214A869B0074DEB4 /* Juz.swift */; };
		8D19AE89214A86B20074DEB4 /* Surah.swift in Sources */ = {isa = PBXBuildFile; fileRef = 8D19AE88214A86B20074DEB4 /* Surah.swift */; };
		8D19AE8B214A86B90074DEB4 /* Ayah.swift in Sources */ = {isa = PBXBuildFile; fileRef = 8D19AE8A214A86B90074DEB4 /* Ayah.swift */; };
		8D19AE90214A96780074DEB4 /* QuranAPI.swift in Sources */ = {isa = PBXBuildFile; fileRef = 8D19AE8F214A96780074DEB4 /* QuranAPI.swift */; };
		8D1B242D2149673A00FABEBA /* AppDelegate.swift in Sources */ = {isa = PBXBuildFile; fileRef = 8D1B242C2149673A00FABEBA /* AppDelegate.swift */; };
		8D1B242F2149673A00FABEBA /* FehresViewController.swift in Sources */ = {isa = PBXBuildFile; fileRef = 8D1B242E2149673A00FABEBA /* FehresViewController.swift */; };
		8D1B24322149673A00FABEBA /* Main.storyboard in Resources */ = {isa = PBXBuildFile; fileRef = 8D1B24302149673A00FABEBA /* Main.storyboard */; };
		8D1B24342149674700FABEBA /* Assets.xcassets in Resources */ = {isa = PBXBuildFile; fileRef = 8D1B24332149674700FABEBA /* Assets.xcassets */; };
		8D1B24372149674700FABEBA /* LaunchScreen.storyboard in Resources */ = {isa = PBXBuildFile; fileRef = 8D1B24352149674700FABEBA /* LaunchScreen.storyboard */; };
		8D1B24422149674700FABEBA /* Tahfez_QuranTests.swift in Sources */ = {isa = PBXBuildFile; fileRef = 8D1B24412149674700FABEBA /* Tahfez_QuranTests.swift */; };
		8D1B244D2149674700FABEBA /* Tahfez_QuranUITests.swift in Sources */ = {isa = PBXBuildFile; fileRef = 8D1B244C2149674700FABEBA /* Tahfez_QuranUITests.swift */; };
		8D32BF4B216AB6F300AEB66D /* Utiles.swift in Sources */ = {isa = PBXBuildFile; fileRef = 8D32BF4A216AB6F300AEB66D /* Utiles.swift */; };
		8D32BF4F216AC58A00AEB66D /* surahs_names.txt in Resources */ = {isa = PBXBuildFile; fileRef = 8D32BF4E216ABF8500AEB66D /* surahs_names.txt */; };
		8D7D8452214C03E700253B4B /* QuranDownloader.swift in Sources */ = {isa = PBXBuildFile; fileRef = 8D7D8451214C03E700253B4B /* QuranDownloader.swift */; };
		8D7D8454214C091700253B4B /* QuranCloud.swift in Sources */ = {isa = PBXBuildFile; fileRef = 8D7D8453214C091600253B4B /* QuranCloud.swift */; };
		8DA22C33216CAB98003A991B /* FehresTableViewCell.swift in Sources */ = {isa = PBXBuildFile; fileRef = 8DA22C32216CAB98003A991B /* FehresTableViewCell.swift */; };
		8DA22C35216CACDA003A991B /* Fehres.swift in Sources */ = {isa = PBXBuildFile; fileRef = 8DA22C34216CACDA003A991B /* Fehres.swift */; };
		8DA22C37216CD524003A991B /* DisplayQuranViewController.swift in Sources */ = {isa = PBXBuildFile; fileRef = 8DA22C36216CD524003A991B /* DisplayQuranViewController.swift */; };
/* End PBXBuildFile section */

/* Begin PBXContainerItemProxy section */
		8D1B243E2149674700FABEBA /* PBXContainerItemProxy */ = {
			isa = PBXContainerItemProxy;
			containerPortal = 8D1B24212149673900FABEBA /* Project object */;
			proxyType = 1;
			remoteGlobalIDString = 8D1B24282149673900FABEBA;
			remoteInfo = "Tahfez Quran";
		};
		8D1B24492149674700FABEBA /* PBXContainerItemProxy */ = {
			isa = PBXContainerItemProxy;
			containerPortal = 8D1B24212149673900FABEBA /* Project object */;
			proxyType = 1;
			remoteGlobalIDString = 8D1B24282149673900FABEBA;
			remoteInfo = "Tahfez Quran";
		};
/* End PBXContainerItemProxy section */

/* Begin PBXFileReference section */
		8D19AE86214A869B0074DEB4 /* Juz.swift */ = {isa = PBXFileReference; lastKnownFileType = sourcecode.swift; path = Juz.swift; sourceTree = "<group>"; };
		8D19AE88214A86B20074DEB4 /* Surah.swift */ = {isa = PBXFileReference; lastKnownFileType = sourcecode.swift; path = Surah.swift; sourceTree = "<group>"; };
		8D19AE8A214A86B90074DEB4 /* Ayah.swift */ = {isa = PBXFileReference; lastKnownFileType = sourcecode.swift; path = Ayah.swift; sourceTree = "<group>"; };
		8D19AE8F214A96780074DEB4 /* QuranAPI.swift */ = {isa = PBXFileReference; lastKnownFileType = sourcecode.swift; path = QuranAPI.swift; sourceTree = "<group>"; };
		8D1B24292149673A00FABEBA /* Tahfez Quran.app */ = {isa = PBXFileReference; explicitFileType = wrapper.application; includeInIndex = 0; path = "Tahfez Quran.app"; sourceTree = BUILT_PRODUCTS_DIR; };
		8D1B242C2149673A00FABEBA /* AppDelegate.swift */ = {isa = PBXFileReference; lastKnownFileType = sourcecode.swift; path = AppDelegate.swift; sourceTree = "<group>"; };
		8D1B242E2149673A00FABEBA /* FehresViewController.swift */ = {isa = PBXFileReference; lastKnownFileType = sourcecode.swift; path = FehresViewController.swift; sourceTree = "<group>"; };
		8D1B24312149673A00FABEBA /* Base */ = {isa = PBXFileReference; lastKnownFileType = file.storyboard; name = Base; path = Base.lproj/Main.storyboard; sourceTree = "<group>"; };
		8D1B24332149674700FABEBA /* Assets.xcassets */ = {isa = PBXFileReference; lastKnownFileType = folder.assetcatalog; path = Assets.xcassets; sourceTree = "<group>"; };
		8D1B24362149674700FABEBA /* Base */ = {isa = PBXFileReference; lastKnownFileType = file.storyboard; name = Base; path = Base.lproj/LaunchScreen.storyboard; sourceTree = "<group>"; };
		8D1B24382149674700FABEBA /* Info.plist */ = {isa = PBXFileReference; lastKnownFileType = text.plist.xml; path = Info.plist; sourceTree = "<group>"; };
		8D1B243D2149674700FABEBA /* Tahfez QuranTests.xctest */ = {isa = PBXFileReference; explicitFileType = wrapper.cfbundle; includeInIndex = 0; path = "Tahfez QuranTests.xctest"; sourceTree = BUILT_PRODUCTS_DIR; };
		8D1B24412149674700FABEBA /* Tahfez_QuranTests.swift */ = {isa = PBXFileReference; lastKnownFileType = sourcecode.swift; path = Tahfez_QuranTests.swift; sourceTree = "<group>"; };
		8D1B24432149674700FABEBA /* Info.plist */ = {isa = PBXFileReference; lastKnownFileType = text.plist.xml; path = Info.plist; sourceTree = "<group>"; };
		8D1B24482149674700FABEBA /* Tahfez QuranUITests.xctest */ = {isa = PBXFileReference; explicitFileType = wrapper.cfbundle; includeInIndex = 0; path = "Tahfez QuranUITests.xctest"; sourceTree = BUILT_PRODUCTS_DIR; };
		8D1B244C2149674700FABEBA /* Tahfez_QuranUITests.swift */ = {isa = PBXFileReference; lastKnownFileType = sourcecode.swift; path = Tahfez_QuranUITests.swift; sourceTree = "<group>"; };
		8D1B244E2149674700FABEBA /* Info.plist */ = {isa = PBXFileReference; lastKnownFileType = text.plist.xml; path = Info.plist; sourceTree = "<group>"; };
		8D32BF4A216AB6F300AEB66D /* Utiles.swift */ = {isa = PBXFileReference; lastKnownFileType = sourcecode.swift; path = Utiles.swift; sourceTree = "<group>"; };
		8D32BF4E216ABF8500AEB66D /* surahs_names.txt */ = {isa = PBXFileReference; lastKnownFileType = text; path = surahs_names.txt; sourceTree = "<group>"; };
		8D7D8451214C03E700253B4B /* QuranDownloader.swift */ = {isa = PBXFileReference; lastKnownFileType = sourcecode.swift; path = QuranDownloader.swift; sourceTree = "<group>"; };
		8D7D8453214C091600253B4B /* QuranCloud.swift */ = {isa = PBXFileReference; lastKnownFileType = sourcecode.swift; path = QuranCloud.swift; sourceTree = "<group>"; };
		8DA22C32216CAB98003A991B /* FehresTableViewCell.swift */ = {isa = PBXFileReference; lastKnownFileType = sourcecode.swift; path = FehresTableViewCell.swift; sourceTree = "<group>"; };
		8DA22C34216CACDA003A991B /* Fehres.swift */ = {isa = PBXFileReference; lastKnownFileType = sourcecode.swift; path = Fehres.swift; sourceTree = "<group>"; };
		8DA22C36216CD524003A991B /* DisplayQuranViewController.swift */ = {isa = PBXFileReference; lastKnownFileType = sourcecode.swift; path = DisplayQuranViewController.swift; sourceTree = "<group>"; };
/* End PBXFileReference section */

/* Begin PBXFrameworksBuildPhase section */
		8D1B24262149673900FABEBA /* Frameworks */ = {
			isa = PBXFrameworksBuildPhase;
			buildActionMask = 2147483647;
			files = (
			);
			runOnlyForDeploymentPostprocessing = 0;
		};
		8D1B243A2149674700FABEBA /* Frameworks */ = {
			isa = PBXFrameworksBuildPhase;
			buildActionMask = 2147483647;
			files = (
			);
			runOnlyForDeploymentPostprocessing = 0;
		};
		8D1B24452149674700FABEBA /* Frameworks */ = {
			isa = PBXFrameworksBuildPhase;
			buildActionMask = 2147483647;
			files = (
			);
			runOnlyForDeploymentPostprocessing = 0;
		};
/* End PBXFrameworksBuildPhase section */

/* Begin PBXGroup section */
		8D19AE85214A86820074DEB4 /* model */ = {
			isa = PBXGroup;
			children = (
				8D19AE86214A869B0074DEB4 /* Juz.swift */,
				8D19AE88214A86B20074DEB4 /* Surah.swift */,
				8D19AE8A214A86B90074DEB4 /* Ayah.swift */,
			);
			path = model;
			sourceTree = "<group>";
		};
		8D19AE8C214A96180074DEB4 /* API */ = {
			isa = PBXGroup;
			children = (
				8DA22C34216CACDA003A991B /* Fehres.swift */,
				8D19AE8F214A96780074DEB4 /* QuranAPI.swift */,
				8D7D8451214C03E700253B4B /* QuranDownloader.swift */,
				8D7D8453214C091600253B4B /* QuranCloud.swift */,
			);
			path = API;
			sourceTree = "<group>";
		};
		8D1B24202149673900FABEBA = {
			isa = PBXGroup;
			children = (
				8D1B242B2149673A00FABEBA /* Tahfez Quran */,
				8D1B24402149674700FABEBA /* Tahfez QuranTests */,
				8D1B244B2149674700FABEBA /* Tahfez QuranUITests */,
				8D1B242A2149673A00FABEBA /* Products */,
			);
			sourceTree = "<group>";
		};
		8D1B242A2149673A00FABEBA /* Products */ = {
			isa = PBXGroup;
			children = (
				8D1B24292149673A00FABEBA /* Tahfez Quran.app */,
				8D1B243D2149674700FABEBA /* Tahfez QuranTests.xctest */,
				8D1B24482149674700FABEBA /* Tahfez QuranUITests.xctest */,
			);
			name = Products;
			sourceTree = "<group>";
		};
		8D1B242B2149673A00FABEBA /* Tahfez Quran */ = {
			isa = PBXGroup;
			children = (
				8DA22C31216CAB6A003A991B /* viewCell */,
				8DA22C30216CAB54003A991B /* viewController */,
				8D19AE8C214A96180074DEB4 /* API */,
				8D19AE85214A86820074DEB4 /* model */,
				8D1B242C2149673A00FABEBA /* AppDelegate.swift */,
				8D32BF4A216AB6F300AEB66D /* Utiles.swift */,
				8D1B24302149673A00FABEBA /* Main.storyboard */,
				8D1B24332149674700FABEBA /* Assets.xcassets */,
				8D1B24352149674700FABEBA /* LaunchScreen.storyboard */,
				8D32BF4E216ABF8500AEB66D /* surahs_names.txt */,
				8D1B24382149674700FABEBA /* Info.plist */,
			);
			path = "Tahfez Quran";
			sourceTree = "<group>";
		};
		8D1B24402149674700FABEBA /* Tahfez QuranTests */ = {
			isa = PBXGroup;
			children = (
				8D1B24412149674700FABEBA /* Tahfez_QuranTests.swift */,
				8D1B24432149674700FABEBA /* Info.plist */,
			);
			path = "Tahfez QuranTests";
			sourceTree = "<group>";
		};
		8D1B244B2149674700FABEBA /* Tahfez QuranUITests */ = {
			isa = PBXGroup;
			children = (
				8D1B244C2149674700FABEBA /* Tahfez_QuranUITests.swift */,
				8D1B244E2149674700FABEBA /* Info.plist */,
			);
			path = "Tahfez QuranUITests";
			sourceTree = "<group>";
		};
		8DA22C30216CAB54003A991B /* viewController */ = {
			isa = PBXGroup;
			children = (
				8D1B242E2149673A00FABEBA /* FehresViewController.swift */,
				8DA22C36216CD524003A991B /* DisplayQuranViewController.swift */,
			);
			path = viewController;
			sourceTree = "<group>";
		};
		8DA22C31216CAB6A003A991B /* viewCell */ = {
			isa = PBXGroup;
			children = (
				8DA22C32216CAB98003A991B /* FehresTableViewCell.swift */,
			);
			path = viewCell;
			sourceTree = "<group>";
		};
/* End PBXGroup section */

/* Begin PBXNativeTarget section */
		8D1B24282149673900FABEBA /* Tahfez Quran */ = {
			isa = PBXNativeTarget;
			buildConfigurationList = 8D1B24512149674700FABEBA /* Build configuration list for PBXNativeTarget "Tahfez Quran" */;
			buildPhases = (
				8D1B24252149673900FABEBA /* Sources */,
				8D1B24262149673900FABEBA /* Frameworks */,
				8D1B24272149673900FABEBA /* Resources */,
			);
			buildRules = (
			);
			dependencies = (
			);
			name = "Tahfez Quran";
			productName = "Tahfez Quran";
			productReference = 8D1B24292149673A00FABEBA /* Tahfez Quran.app */;
			productType = "com.apple.product-type.application";
		};
		8D1B243C2149674700FABEBA /* Tahfez QuranTests */ = {
			isa = PBXNativeTarget;
			buildConfigurationList = 8D1B24542149674700FABEBA /* Build configuration list for PBXNativeTarget "Tahfez QuranTests" */;
			buildPhases = (
				8D1B24392149674700FABEBA /* Sources */,
				8D1B243A2149674700FABEBA /* Frameworks */,
				8D1B243B2149674700FABEBA /* Resources */,
			);
			buildRules = (
			);
			dependencies = (
				8D1B243F2149674700FABEBA /* PBXTargetDependency */,
			);
			name = "Tahfez QuranTests";
			productName = "Tahfez QuranTests";
			productReference = 8D1B243D2149674700FABEBA /* Tahfez QuranTests.xctest */;
			productType = "com.apple.product-type.bundle.unit-test";
		};
		8D1B24472149674700FABEBA /* Tahfez QuranUITests */ = {
			isa = PBXNativeTarget;
			buildConfigurationList = 8D1B24572149674700FABEBA /* Build configuration list for PBXNativeTarget "Tahfez QuranUITests" */;
			buildPhases = (
				8D1B24442149674700FABEBA /* Sources */,
				8D1B24452149674700FABEBA /* Frameworks */,
				8D1B24462149674700FABEBA /* Resources */,
			);
			buildRules = (
			);
			dependencies = (
				8D1B244A2149674700FABEBA /* PBXTargetDependency */,
			);
			name = "Tahfez QuranUITests";
			productName = "Tahfez QuranUITests";
			productReference = 8D1B24482149674700FABEBA /* Tahfez QuranUITests.xctest */;
			productType = "com.apple.product-type.bundle.ui-testing";
		};
/* End PBXNativeTarget section */

/* Begin PBXProject section */
		8D1B24212149673900FABEBA /* Project object */ = {
			isa = PBXProject;
			attributes = {
				LastSwiftUpdateCheck = 0940;
				LastUpgradeCheck = 0940;
				ORGANIZATIONNAME = Allam;
				TargetAttributes = {
					8D1B24282149673900FABEBA = {
						CreatedOnToolsVersion = 9.4.1;
					};
					8D1B243C2149674700FABEBA = {
						CreatedOnToolsVersion = 9.4.1;
						TestTargetID = 8D1B24282149673900FABEBA;
					};
					8D1B24472149674700FABEBA = {
						CreatedOnToolsVersion = 9.4.1;
						TestTargetID = 8D1B24282149673900FABEBA;
					};
				};
			};
			buildConfigurationList = 8D1B24242149673900FABEBA /* Build configuration list for PBXProject "Tahfez Quran" */;
			compatibilityVersion = "Xcode 9.3";
			developmentRegion = en;
			hasScannedForEncodings = 0;
			knownRegions = (
				en,
				Base,
			);
			mainGroup = 8D1B24202149673900FABEBA;
			productRefGroup = 8D1B242A2149673A00FABEBA /* Products */;
			projectDirPath = "";
			projectRoot = "";
			targets = (
				8D1B24282149673900FABEBA /* Tahfez Quran */,
				8D1B243C2149674700FABEBA /* Tahfez QuranTests */,
				8D1B24472149674700FABEBA /* Tahfez QuranUITests */,
			);
		};
/* End PBXProject section */

/* Begin PBXResourcesBuildPhase section */
		8D1B24272149673900FABEBA /* Resources */ = {
			isa = PBXResourcesBuildPhase;
			buildActionMask = 2147483647;
			files = (
				8D32BF4F216AC58A00AEB66D /* surahs_names.txt in Resources */,
				8D1B24372149674700FABEBA /* LaunchScreen.storyboard in Resources */,
				8D1B24342149674700FABEBA /* Assets.xcassets in Resources */,
				8D1B24322149673A00FABEBA /* Main.storyboard in Resources */,
			);
			runOnlyForDeploymentPostprocessing = 0;
		};
		8D1B243B2149674700FABEBA /* Resources */ = {
			isa = PBXResourcesBuildPhase;
			buildActionMask = 2147483647;
			files = (
			);
			runOnlyForDeploymentPostprocessing = 0;
		};
		8D1B24462149674700FABEBA /* Resources */ = {
			isa = PBXResourcesBuildPhase;
			buildActionMask = 2147483647;
			files = (
			);
			runOnlyForDeploymentPostprocessing = 0;
		};
/* End PBXResourcesBuildPhase section */

/* Begin PBXSourcesBuildPhase section */
		8D1B24252149673900FABEBA /* Sources */ = {
			isa = PBXSourcesBuildPhase;
			buildActionMask = 2147483647;
			files = (
				8D19AE90214A96780074DEB4 /* QuranAPI.swift in Sources */,
				8DA22C33216CAB98003A991B /* FehresTableViewCell.swift in Sources */,
				8D7D8454214C091700253B4B /* QuranCloud.swift in Sources */,
				8D1B242F2149673A00FABEBA /* FehresViewController.swift in Sources */,
				8DA22C35216CACDA003A991B /* Fehres.swift in Sources */,
				8D19AE8B214A86B90074DEB4 /* Ayah.swift in Sources */,
				8DA22C37216CD524003A991B /* DisplayQuranViewController.swift in Sources */,
				8D19AE89214A86B20074DEB4 /* Surah.swift in Sources */,
				8D7D8452214C03E700253B4B /* QuranDownloader.swift in Sources */,
				8D32BF4B216AB6F300AEB66D /* Utiles.swift in Sources */,
				8D19AE87214A869B0074DEB4 /* Juz.swift in Sources */,
				8D1B242D2149673A00FABEBA /* AppDelegate.swift in Sources */,
			);
			runOnlyForDeploymentPostprocessing = 0;
		};
		8D1B24392149674700FABEBA /* Sources */ = {
			isa = PBXSourcesBuildPhase;
			buildActionMask = 2147483647;
			files = (
				8D1B24422149674700FABEBA /* Tahfez_QuranTests.swift in Sources */,
			);
			runOnlyForDeploymentPostprocessing = 0;
		};
		8D1B24442149674700FABEBA /* Sources */ = {
			isa = PBXSourcesBuildPhase;
			buildActionMask = 2147483647;
			files = (
				8D1B244D2149674700FABEBA /* Tahfez_QuranUITests.swift in Sources */,
			);
			runOnlyForDeploymentPostprocessing = 0;
		};
/* End PBXSourcesBuildPhase section */

/* Begin PBXTargetDependency section */
		8D1B243F2149674700FABEBA /* PBXTargetDependency */ = {
			isa = PBXTargetDependency;
			target = 8D1B24282149673900FABEBA /* Tahfez Quran */;
			targetProxy = 8D1B243E2149674700FABEBA /* PBXContainerItemProxy */;
		};
		8D1B244A2149674700FABEBA /* PBXTargetDependency */ = {
			isa = PBXTargetDependency;
			target = 8D1B24282149673900FABEBA /* Tahfez Quran */;
			targetProxy = 8D1B24492149674700FABEBA /* PBXContainerItemProxy */;
		};
/* End PBXTargetDependency section */

/* Begin PBXVariantGroup section */
		8D1B24302149673A00FABEBA /* Main.storyboard */ = {
			isa = PBXVariantGroup;
			children = (
				8D1B24312149673A00FABEBA /* Base */,
			);
			name = Main.storyboard;
			sourceTree = "<group>";
		};
		8D1B24352149674700FABEBA /* LaunchScreen.storyboard */ = {
			isa = PBXVariantGroup;
			children = (
				8D1B24362149674700FABEBA /* Base */,
			);
			name = LaunchScreen.storyboard;
			sourceTree = "<group>";
		};
/* End PBXVariantGroup section */

/* Begin XCBuildConfiguration section */
		8D1B244F2149674700FABEBA /* Debug */ = {
			isa = XCBuildConfiguration;
			buildSettings = {
				ALWAYS_SEARCH_USER_PATHS = NO;
				CLANG_ANALYZER_NONNULL = YES;
				CLANG_ANALYZER_NUMBER_OBJECT_CONVERSION = YES_AGGRESSIVE;
				CLANG_CXX_LANGUAGE_STANDARD = "gnu++14";
				CLANG_CXX_LIBRARY = "libc++";
				CLANG_ENABLE_MODULES = YES;
				CLANG_ENABLE_OBJC_ARC = YES;
				CLANG_ENABLE_OBJC_WEAK = YES;
				CLANG_WARN_BLOCK_CAPTURE_AUTORELEASING = YES;
				CLANG_WARN_BOOL_CONVERSION = YES;
				CLANG_WARN_COMMA = YES;
				CLANG_WARN_CONSTANT_CONVERSION = YES;
				CLANG_WARN_DEPRECATED_OBJC_IMPLEMENTATIONS = YES;
				CLANG_WARN_DIRECT_OBJC_ISA_USAGE = YES_ERROR;
				CLANG_WARN_DOCUMENTATION_COMMENTS = YES;
				CLANG_WARN_EMPTY_BODY = YES;
				CLANG_WARN_ENUM_CONVERSION = YES;
				CLANG_WARN_INFINITE_RECURSION = YES;
				CLANG_WARN_INT_CONVERSION = YES;
				CLANG_WARN_NON_LITERAL_NULL_CONVERSION = YES;
				CLANG_WARN_OBJC_IMPLICIT_RETAIN_SELF = YES;
				CLANG_WARN_OBJC_LITERAL_CONVERSION = YES;
				CLANG_WARN_OBJC_ROOT_CLASS = YES_ERROR;
				CLANG_WARN_RANGE_LOOP_ANALYSIS = YES;
				CLANG_WARN_STRICT_PROTOTYPES = YES;
				CLANG_WARN_SUSPICIOUS_MOVE = YES;
				CLANG_WARN_UNGUARDED_AVAILABILITY = YES_AGGRESSIVE;
				CLANG_WARN_UNREACHABLE_CODE = YES;
				CLANG_WARN__DUPLICATE_METHOD_MATCH = YES;
				CODE_SIGN_IDENTITY = "iPhone Developer";
				COPY_PHASE_STRIP = NO;
				DEBUG_INFORMATION_FORMAT = dwarf;
				ENABLE_STRICT_OBJC_MSGSEND = YES;
				ENABLE_TESTABILITY = YES;
				GCC_C_LANGUAGE_STANDARD = gnu11;
				GCC_DYNAMIC_NO_PIC = NO;
				GCC_NO_COMMON_BLOCKS = YES;
				GCC_OPTIMIZATION_LEVEL = 0;
				GCC_PREPROCESSOR_DEFINITIONS = (
					"DEBUG=1",
					"$(inherited)",
				);
				GCC_WARN_64_TO_32_BIT_CONVERSION = YES;
				GCC_WARN_ABOUT_RETURN_TYPE = YES_ERROR;
				GCC_WARN_UNDECLARED_SELECTOR = YES;
				GCC_WARN_UNINITIALIZED_AUTOS = YES_AGGRESSIVE;
				GCC_WARN_UNUSED_FUNCTION = YES;
				GCC_WARN_UNUSED_VARIABLE = YES;
				IPHONEOS_DEPLOYMENT_TARGET = 11.4;
				MTL_ENABLE_DEBUG_INFO = YES;
				ONLY_ACTIVE_ARCH = YES;
				SDKROOT = iphoneos;
				SWIFT_ACTIVE_COMPILATION_CONDITIONS = DEBUG;
				SWIFT_OPTIMIZATION_LEVEL = "-Onone";
			};
			name = Debug;
		};
		8D1B24502149674700FABEBA /* Release */ = {
			isa = XCBuildConfiguration;
			buildSettings = {
				ALWAYS_SEARCH_USER_PATHS = NO;
				CLANG_ANALYZER_NONNULL = YES;
				CLANG_ANALYZER_NUMBER_OBJECT_CONVERSION = YES_AGGRESSIVE;
				CLANG_CXX_LANGUAGE_STANDARD = "gnu++14";
				CLANG_CXX_LIBRARY = "libc++";
				CLANG_ENABLE_MODULES = YES;
				CLANG_ENABLE_OBJC_ARC = YES;
				CLANG_ENABLE_OBJC_WEAK = YES;
				CLANG_WARN_BLOCK_CAPTURE_AUTORELEASING = YES;
				CLANG_WARN_BOOL_CONVERSION = YES;
				CLANG_WARN_COMMA = YES;
				CLANG_WARN_CONSTANT_CONVERSION = YES;
				CLANG_WARN_DEPRECATED_OBJC_IMPLEMENTATIONS = YES;
				CLANG_WARN_DIRECT_OBJC_ISA_USAGE = YES_ERROR;
				CLANG_WARN_DOCUMENTATION_COMMENTS = YES;
				CLANG_WARN_EMPTY_BODY = YES;
				CLANG_WARN_ENUM_CONVERSION = YES;
				CLANG_WARN_INFINITE_RECURSION = YES;
				CLANG_WARN_INT_CONVERSION = YES;
				CLANG_WARN_NON_LITERAL_NULL_CONVERSION = YES;
				CLANG_WARN_OBJC_IMPLICIT_RETAIN_SELF = YES;
				CLANG_WARN_OBJC_LITERAL_CONVERSION = YES;
				CLANG_WARN_OBJC_ROOT_CLASS = YES_ERROR;
				CLANG_WARN_RANGE_LOOP_ANALYSIS = YES;
				CLANG_WARN_STRICT_PROTOTYPES = YES;
				CLANG_WARN_SUSPICIOUS_MOVE = YES;
				CLANG_WARN_UNGUARDED_AVAILABILITY = YES_AGGRESSIVE;
				CLANG_WARN_UNREACHABLE_CODE = YES;
				CLANG_WARN__DUPLICATE_METHOD_MATCH = YES;
				CODE_SIGN_IDENTITY = "iPhone Developer";
				COPY_PHASE_STRIP = NO;
				DEBUG_INFORMATION_FORMAT = "dwarf-with-dsym";
				ENABLE_NS_ASSERTIONS = NO;
				ENABLE_STRICT_OBJC_MSGSEND = YES;
				GCC_C_LANGUAGE_STANDARD = gnu11;
				GCC_NO_COMMON_BLOCKS = YES;
				GCC_WARN_64_TO_32_BIT_CONVERSION = YES;
				GCC_WARN_ABOUT_RETURN_TYPE = YES_ERROR;
				GCC_WARN_UNDECLARED_SELECTOR = YES;
				GCC_WARN_UNINITIALIZED_AUTOS = YES_AGGRESSIVE;
				GCC_WARN_UNUSED_FUNCTION = YES;
				GCC_WARN_UNUSED_VARIABLE = YES;
				IPHONEOS_DEPLOYMENT_TARGET = 11.4;
				MTL_ENABLE_DEBUG_INFO = NO;
				SDKROOT = iphoneos;
				SWIFT_COMPILATION_MODE = wholemodule;
				SWIFT_OPTIMIZATION_LEVEL = "-O";
				VALIDATE_PRODUCT = YES;
			};
			name = Release;
		};
		8D1B24522149674700FABEBA /* Debug */ = {
			isa = XCBuildConfiguration;
			buildSettings = {
				ASSETCATALOG_COMPILER_APPICON_NAME = AppIcon;
				CODE_SIGN_STYLE = Automatic;
				INFOPLIST_FILE = "Tahfez Quran/Info.plist";
				LD_RUNPATH_SEARCH_PATHS = (
					"$(inherited)",
					"@executable_path/Frameworks",
				);
				PRODUCT_BUNDLE_IDENTIFIER = "com.allam.Tahfez-Quran";
				PRODUCT_NAME = "$(TARGET_NAME)";
				SWIFT_VERSION = 4.0;
				TARGETED_DEVICE_FAMILY = "1,2";
			};
			name = Debug;
		};
		8D1B24532149674700FABEBA /* Release */ = {
			isa = XCBuildConfiguration;
			buildSettings = {
				ASSETCATALOG_COMPILER_APPICON_NAME = AppIcon;
				CODE_SIGN_STYLE = Automatic;
				INFOPLIST_FILE = "Tahfez Quran/Info.plist";
				LD_RUNPATH_SEARCH_PATHS = (
					"$(inherited)",
					"@executable_path/Frameworks",
				);
				PRODUCT_BUNDLE_IDENTIFIER = "com.allam.Tahfez-Quran";
				PRODUCT_NAME = "$(TARGET_NAME)";
				SWIFT_VERSION = 4.0;
				TARGETED_DEVICE_FAMILY = "1,2";
			};
			name = Release;
		};
		8D1B24552149674700FABEBA /* Debug */ = {
			isa = XCBuildConfiguration;
			buildSettings = {
				ALWAYS_EMBED_SWIFT_STANDARD_LIBRARIES = YES;
				BUNDLE_LOADER = "$(TEST_HOST)";
				CODE_SIGN_STYLE = Automatic;
				INFOPLIST_FILE = "Tahfez QuranTests/Info.plist";
				LD_RUNPATH_SEARCH_PATHS = (
					"$(inherited)",
					"@executable_path/Frameworks",
					"@loader_path/Frameworks",
				);
				PRODUCT_BUNDLE_IDENTIFIER = "com.allam.Tahfez-QuranTests";
				PRODUCT_NAME = "$(TARGET_NAME)";
				SWIFT_VERSION = 4.0;
				TARGETED_DEVICE_FAMILY = "1,2";
				TEST_HOST = "$(BUILT_PRODUCTS_DIR)/Tahfez Quran.app/Tahfez Quran";
			};
			name = Debug;
		};
		8D1B24562149674700FABEBA /* Release */ = {
			isa = XCBuildConfiguration;
			buildSettings = {
				ALWAYS_EMBED_SWIFT_STANDARD_LIBRARIES = YES;
				BUNDLE_LOADER = "$(TEST_HOST)";
				CODE_SIGN_STYLE = Automatic;
				INFOPLIST_FILE = "Tahfez QuranTests/Info.plist";
				LD_RUNPATH_SEARCH_PATHS = (
					"$(inherited)",
					"@executable_path/Frameworks",
					"@loader_path/Frameworks",
				);
				PRODUCT_BUNDLE_IDENTIFIER = "com.allam.Tahfez-QuranTests";
				PRODUCT_NAME = "$(TARGET_NAME)";
				SWIFT_VERSION = 4.0;
				TARGETED_DEVICE_FAMILY = "1,2";
				TEST_HOST = "$(BUILT_PRODUCTS_DIR)/Tahfez Quran.app/Tahfez Quran";
			};
			name = Release;
		};
		8D1B24582149674700FABEBA /* Debug */ = {
			isa = XCBuildConfiguration;
			buildSettings = {
				ALWAYS_EMBED_SWIFT_STANDARD_LIBRARIES = YES;
				CODE_SIGN_STYLE = Automatic;
				INFOPLIST_FILE = "Tahfez QuranUITests/Info.plist";
				LD_RUNPATH_SEARCH_PATHS = (
					"$(inherited)",
					"@executable_path/Frameworks",
					"@loader_path/Frameworks",
				);
				PRODUCT_BUNDLE_IDENTIFIER = "com.allam.Tahfez-QuranUITests";
				PRODUCT_NAME = "$(TARGET_NAME)";
				SWIFT_VERSION = 4.0;
				TARGETED_DEVICE_FAMILY = "1,2";
				TEST_TARGET_NAME = "Tahfez Quran";
			};
			name = Debug;
		};
		8D1B24592149674700FABEBA /* Release */ = {
			isa = XCBuildConfiguration;
			buildSettings = {
				ALWAYS_EMBED_SWIFT_STANDARD_LIBRARIES = YES;
				CODE_SIGN_STYLE = Automatic;
				INFOPLIST_FILE = "Tahfez QuranUITests/Info.plist";
				LD_RUNPATH_SEARCH_PATHS = (
					"$(inherited)",
					"@executable_path/Frameworks",
					"@loader_path/Frameworks",
				);
				PRODUCT_BUNDLE_IDENTIFIER = "com.allam.Tahfez-QuranUITests";
				PRODUCT_NAME = "$(TARGET_NAME)";
				SWIFT_VERSION = 4.0;
				TARGETED_DEVICE_FAMILY = "1,2";
				TEST_TARGET_NAME = "Tahfez Quran";
			};
			name = Release;
		};
/* End XCBuildConfiguration section */

/* Begin XCConfigurationList section */
		8D1B24242149673900FABEBA /* Build configuration list for PBXProject "Tahfez Quran" */ = {
			isa = XCConfigurationList;
			buildConfigurations = (
				8D1B244F2149674700FABEBA /* Debug */,
				8D1B24502149674700FABEBA /* Release */,
			);
			defaultConfigurationIsVisible = 0;
			defaultConfigurationName = Release;
		};
		8D1B24512149674700FABEBA /* Build configuration list for PBXNativeTarget "Tahfez Quran" */ = {
			isa = XCConfigurationList;
			buildConfigurations = (
				8D1B24522149674700FABEBA /* Debug */,
				8D1B24532149674700FABEBA /* Release */,
			);
			defaultConfigurationIsVisible = 0;
			defaultConfigurationName = Release;
		};
		8D1B24542149674700FABEBA /* Build configuration list for PBXNativeTarget "Tahfez QuranTests" */ = {
			isa = XCConfigurationList;
			buildConfigurations = (
				8D1B24552149674700FABEBA /* Debug */,
				8D1B24562149674700FABEBA /* Release */,
			);
			defaultConfigurationIsVisible = 0;
			defaultConfigurationName = Release;
		};
		8D1B24572149674700FABEBA /* Build configuration list for PBXNativeTarget "Tahfez QuranUITests" */ = {
			isa = XCConfigurationList;
			buildConfigurations = (
				8D1B24582149674700FABEBA /* Debug */,
				8D1B24592149674700FABEBA /* Release */,
			);
			defaultConfigurationIsVisible = 0;
			defaultConfigurationName = Release;
		};
/* End XCConfigurationList section */
	};
	rootObject = 8D1B24212149673900FABEBA /* Project object */;
}
